{
  "object": {
    "pins": [
      {
        "package": "Alamofire",
        "repositoryURL": "https://github.com/Alamofire/Alamofire.git",
        "state": {
          "branch": null,
          "revision": "bc973c5311ce3db3f01a9fcde027fb11fa2254bf",
          "version": "4.6.0"
        }
      },
      {
        "package": "ProcedureKit",
        "repositoryURL": "https://github.com/ProcedureKit/ProcedureKit.git",
        "state": {
          "branch": "master",
          "revision": "30d67817ae3e9d5df048c1bc092ce5047d7581f8",
          "version": null
        }
      }
    ]
  },
  "version": 1
}
